# This file is generated by running "yarn install" inside your project.
# Manual changes might be lost - proceed with caution!

__metadata:
  version: 8
  cacheKey: 10c0

"@borewit/text-codec@npm:^0.2.1, @borewit/text-codec@npm:^0.2.2":
  version: 0.2.2
  resolution: "@borewit/text-codec@npm:0.2.2"
  checksum: 10c0/2d3fb132bc6a132914a8fbf8e9ff2fa1ead210ecc395b28bb7355bd7719548a5e351ffe39f21c3bee8048f6cabd99eabd404bb5cc809cad9cba25abed19d271f
  languageName: node
  linkType: hard

"@cacheable/memory@npm:^2.2.0":
  version: 2.2.0
  resolution: "@cacheable/memory@npm:2.2.0"
  dependencies:
    "@cacheable/utils": "npm:^2.5.0"
    "@keyv/bigmap": "npm:^1.3.1"
    hookified: "npm:^1.15.1"
    keyv: "npm:^5.6.0"
  checksum: 10c0/c74889eb09871be0696065778fff013a498ddc73b538d113c2cb6ece361746f2959fbddfa4ce03ce53c9259998be05949e393212e72413dbd07616744eabd261
  languageName: node
  linkType: hard

"@cacheable/node-cache@npm:^1.4.0":
  version: 1.7.6
  resolution: "@cacheable/node-cache@npm:1.7.6"
  dependencies:
    cacheable: "npm:^2.3.1"
    hookified: "npm:^1.14.0"
    keyv: "npm:^5.5.5"
  checksum: 10c0/6c02a093d3321881aa0e120802a7c3b53ce410991ae92a97c14b33604a39b97dcde53c10a4a29440064ca204913948902a0120f70829b3cca91492659a560a9c
  languageName: node
  linkType: hard

"@cacheable/utils@npm:^2.5.0":
  version: 2.5.0
  resolution: "@cacheable/utils@npm:2.5.0"
  dependencies:
    hashery: "npm:^1.5.1"
    keyv: "npm:^5.6.0"
  checksum: 10c0/99e901accd71eeb0bce91484d6c66d7ef2c731b541561eb5dc9ea7fed78bdc0b65e5dd2a80edde50191143bcfc5f238fc4742475b32e82d43b43eea224038e35
  languageName: node
  linkType: hard

"@hapi/boom@npm:^9.1.3":
  version: 9.1.4
  resolution: "@hapi/boom@npm:9.1.4"
  dependencies:
    "@hapi/hoek": "npm:9.x.x"
  checksum: 10c0/49bb99443e7bdbbdc87ee8de97cd64351e173b57d7c59061c69972d2de77fb98f2f440c1be42b37e1ac04f57c60fbb79f8fd3e9e5695360add560c37e2d584db
  languageName: node
  linkType: hard

"@hapi/hoek@npm:9.x.x":
  version: 9.3.0
  resolution: "@hapi/hoek@npm:9.3.0"
  checksum: 10c0/a096063805051fb8bba4c947e293c664b05a32b47e13bc654c0dd43813a1cec993bdd8f29ceb838020299e1d0f89f68dc0d62a603c13c9cc8541963f0beca055
  languageName: node
  linkType: hard

"@keyv/bigmap@npm:^1.3.1":
  version: 1.3.1
  resolution: "@keyv/bigmap@npm:1.3.1"
  dependencies:
    hashery: "npm:^1.4.0"
    hookified: "npm:^1.15.0"
  peerDependencies:
    keyv: ^5.6.0
  checksum: 10c0/acc6a4a5edf462ce23e95672ab4bfaf7cd1941dff6bf3a2f671ce467961ace1fac9d3eb75a9ed9a8e92012e00a7d8b16ad1677bc539a52c3ad0cec31473e2349
  languageName: node
  linkType: hard

"@keyv/serialize@npm:^1.1.1":
  version: 1.1.1
  resolution: "@keyv/serialize@npm:1.1.1"
  checksum: 10c0/b0008cae4a54400c3abf587b8cc2474c6f528ee58969ce6cf9cb07a04006f80c73c85971d6be6544408318a2bc40108236a19a82aea0a6de95aae49533317374
  languageName: node
  linkType: hard

"@pinojs/redact@npm:^0.4.0":
  version: 0.4.0
  resolution: "@pinojs/redact@npm:0.4.0"
  checksum: 10c0/4b311ba17ee0cf154ff9c39eb063ec04cd0d0017cb3750efcdf06c2d485df3e1095e13e872175993568c5568c23e4508dd877c981bbc9c5ae5e384d569efcdff
  languageName: node
  linkType: hard

"@protobufjs/aspromise@npm:^1.1.1, @protobufjs/aspromise@npm:^1.1.2":
  version: 1.1.2
  resolution: "@protobufjs/aspromise@npm:1.1.2"
  checksum: 10c0/a83343a468ff5b5ec6bff36fd788a64c839e48a07ff9f4f813564f58caf44d011cd6504ed2147bf34835bd7a7dd2107052af755961c6b098fd8902b4f6500d0f
  languageName: node
  linkType: hard

"@protobufjs/base64@npm:^1.1.2":
  version: 1.1.2
  resolution: "@protobufjs/base64@npm:1.1.2"
  checksum: 10c0/eec925e681081af190b8ee231f9bad3101e189abbc182ff279da6b531e7dbd2a56f1f306f37a80b1be9e00aa2d271690d08dcc5f326f71c9eed8546675c8caf6
  languageName: node
  linkType: hard

"@protobufjs/codegen@npm:^2.0.5":
  version: 2.0.5
  resolution: "@protobufjs/codegen@npm:2.0.5"
  checksum: 10c0/1b8a2ae56ee60a56e9d205cd4b6072a1503c5069b8ebb905710f974ff0098a0d0700641c137e0a8d98dedf14423156a106a9433695cbf52574810f55000fdcab
  languageName: node
  linkType: hard

"@protobufjs/eventemitter@npm:^1.1.1":
  version: 1.1.1
  resolution: "@protobufjs/eventemitter@npm:1.1.1"
  checksum: 10c0/8e06193d4629c5e7c09d4f8c2ddba8fc4dfa739f0149f33a1d901568d35bb7b8b5277a4e8452baf3bdd0b302fd599cf255d193267aa93a0a4747e23cd073c4ac
  languageName: node
  linkType: hard

"@protobufjs/fetch@npm:^1.1.1":
  version: 1.1.1
  resolution: "@protobufjs/fetch@npm:1.1.1"
  dependencies:
    "@protobufjs/aspromise": "npm:^1.1.1"
  checksum: 10c0/a497ff5433854e8577f0427983ea39b9113b49a8120f94515291d763327061d2c3013e60e24ea436d091dafae01a0f6eb1867e3b1616045d96a31d8b3c646ed4
  languageName: node
  linkType: hard

"@protobufjs/float@npm:^1.0.2":
  version: 1.0.2
  resolution: "@protobufjs/float@npm:1.0.2"
  checksum: 10c0/18f2bdede76ffcf0170708af15c9c9db6259b771e6b84c51b06df34a9c339dbbeec267d14ce0bddd20acc142b1d980d983d31434398df7f98eb0c94a0eb79069
  languageName: node
  linkType: hard

"@protobufjs/path@npm:^1.1.2":
  version: 1.1.2
  resolution: "@protobufjs/path@npm:1.1.2"
  checksum: 10c0/cece0a938e7f5dfd2fa03f8c14f2f1cf8b0d6e13ac7326ff4c96ea311effd5fb7ae0bba754fbf505312af2e38500250c90e68506b97c02360a43793d88a0d8b4
  languageName: node
  linkType: hard

"@protobufjs/pool@npm:^1.1.0":
  version: 1.1.0
  resolution: "@protobufjs/pool@npm:1.1.0"
  checksum: 10c0/eda2718b7f222ac6e6ad36f758a92ef90d26526026a19f4f17f668f45e0306a5bd734def3f48f51f8134ae0978b6262a5c517c08b115a551756d1a3aadfcf038
  languageName: node
  linkType: hard

"@protobufjs/utf8@npm:^1.1.1":
  version: 1.1.2
  resolution: "@protobufjs/utf8@npm:1.1.2"
  checksum: 10c0/975c6e2c0319bd50c17531d186b537a88cb4d3205e3ca9297cd842b631d341da0ee3ff16be8656cd2660756dc753b29c8a6a14c0ad8ed602c1f91ddf22e7b3f3
  languageName: node
  linkType: hard

"@tokenizer/inflate@npm:^0.4.1":
  version: 0.4.1
  resolution: "@tokenizer/inflate@npm:0.4.1"
  dependencies:
    debug: "npm:^4.4.3"
    token-types: "npm:^6.1.1"
  checksum: 10c0/9817516efe21d1ce3bdfb80a1f94efc8981064ce3873448ba79f4d81d96c0694c484c289bd042d346ae5536cf77f5aa9a367d39c3df700eb610761b7c306b4de
  languageName: node
  linkType: hard

"@tokenizer/token@npm:^0.3.0":
  version: 0.3.0
  resolution: "@tokenizer/token@npm:0.3.0"
  checksum: 10c0/7ab9a822d4b5ff3f5bca7f7d14d46bdd8432528e028db4a52be7fbf90c7f495cc1af1324691dda2813c6af8dc4b8eb29de3107d4508165f9aa5b53e7d501f155
  languageName: node
  linkType: hard

"@types/node@npm:>=13.7.0":
  version: 26.3.0
  resolution: "@types/node@npm:26.3.0"
  dependencies:
    undici-types: "npm:~8.3.0"
  checksum: 10c0/b1b71d722cea67807abde4993d71aa6e4e24ae3072635ff5fbca3e5fbe7f0d4adc20507ab3f1e14b13720d742fb5cae4b12c7326fbe706fcda24e2aab8306374
  languageName: node
  linkType: hard

"async-mutex@npm:^0.5.0":
  version: 0.5.0
  resolution: "async-mutex@npm:0.5.0"
  dependencies:
    tslib: "npm:^2.4.0"
  checksum: 10c0/9096e6ad6b674c894d8ddd5aa4c512b09bb05931b8746ebd634952b05685608b2b0820ed5c406e6569919ff5fe237ab3c491e6f2887d6da6b6ba906db3ee9c32
  languageName: node
  linkType: hard

"atomic-sleep@npm:^1.0.0":
  version: 1.0.0
  resolution: "atomic-sleep@npm:1.0.0"
  checksum: 10c0/e329a6665512736a9bbb073e1761b4ec102f7926cce35037753146a9db9c8104f5044c1662e4a863576ce544fb8be27cd2be6bc8c1a40147d03f31eb1cfb6e8a
  languageName: node
  linkType: hard

"cacheable@npm:^2.3.1":
  version: 2.5.0
  resolution: "cacheable@npm:2.5.0"
  dependencies:
    "@cacheable/memory": "npm:^2.2.0"
    "@cacheable/utils": "npm:^2.5.0"
    hookified: "npm:^1.15.0"
    keyv: "npm:^5.6.0"
    qified: "npm:^0.10.1"
  checksum: 10c0/ad4086a60ed327196901c16360312705e35bfde5118457449cfabaf4ece0fecad046985ea8b66b3ece46dd469cb33798d87e1dac3ed2c00746578054bccbf74d
  languageName: node
  linkType: hard

"content-type@npm:^2.1.0":
  version: 2.1.0
  resolution: "content-type@npm:2.1.0"
  checksum: 10c0/f5d420f55fd0c7a7f7cbae9637777ce67a074aa79b489d8d9fee8599089592b5f8bb194e1d6885741fee20271034baca0d68d5419535b52d070c4f7e39f4b448
  languageName: node
  linkType: hard

"curve25519-js@npm:^0.0.4":
  version: 0.0.4
  resolution: "curve25519-js@npm:0.0.4"
  checksum: 10c0/5b6c3a0dcaf045588aa78c2d1113310bf93fda9c59bd533b2a06da807024eec92feb39b203d1db9c09eda94bba1252d507fb3901283d32898e43090546785ddd
  languageName: node
  linkType: hard

"debug@npm:^4.4.3":
  version: 4.4.3
  resolution: "debug@npm:4.4.3"
  dependencies:
    ms: "npm:^2.1.3"
  peerDependenciesMeta:
    supports-color:
      optional: true
  checksum: 10c0/d79136ec6c83ecbefd0f6a5593da6a9c91ec4d7ddc4b54c883d6e71ec9accb5f67a1a5e96d00a328196b5b5c86d365e98d8a3a70856aaf16b4e7b1985e67f5a6
  languageName: node
  linkType: hard

"eventemitter3@npm:^5.0.4":
  version: 5.0.4
  resolution: "eventemitter3@npm:5.0.4"
  checksum: 10c0/575b8cac8d709e1473da46f8f15ef311b57ff7609445a7c71af5cd42598583eee6f098fa7a593e30f27e94b8865642baa0689e8fa97c016f742abdb3b1bf6d9a
  languageName: node
  linkType: hard

"file-type@npm:^21.3.4":
  version: 21.3.4
  resolution: "file-type@npm:21.3.4"
  dependencies:
    "@tokenizer/inflate": "npm:^0.4.1"
    strtok3: "npm:^10.3.4"
    token-types: "npm:^6.1.1"
    uint8array-extras: "npm:^1.4.0"
  checksum: 10c0/6f15e7538c5d73f9308d2e897365d253a6647a6751bb1b0d85c78aebc02b8976afb7c6c9b3759687a064b1b3d60246e5504746b8f11e38b0d5a1b339087e00d2
  languageName: node
  linkType: hard

"firebox-baileys@workspace:.":
  version: 0.0.0-use.local
  resolution: "firebox-baileys@workspace:."
  dependencies:
    "@cacheable/node-cache": "npm:^1.4.0"
    "@hapi/boom": "npm:^9.1.3"
    async-mutex: "npm:^0.5.0"
    libsignal: "npm:^6.0.0"
    lru-cache: "npm:^11.1.0"
    music-metadata: "npm:^11.12.3"
    p-queue: "npm:^9.0.0"
    pino: "npm:^9.6"
    protobufjs: "npm:^7.6.5"
    whatsapp-rust-bridge: "npm:0.5.4"
    ws: "npm:^8.21.1"
  peerDependencies:
    audio-decode: ^2.1.3
    jimp: ^1.6.1
    link-preview-js: ^3.0.0
    sharp: "*"
  peerDependenciesMeta:
    audio-decode:
      optional: true
    jimp:
      optional: true
    link-preview-js:
      optional: true
  languageName: unknown
  linkType: soft

"hashery@npm:^1.4.0, hashery@npm:^1.5.1":
  version: 1.5.1
  resolution: "hashery@npm:1.5.1"
  dependencies:
    hookified: "npm:^1.15.0"
  checksum: 10c0/ab4225b655a7b0d05df99b1a59d5b3a51fe433f82422ca25e6f3f4c4ddd30adb49ebd38e0047ef9bded93319c1e9fc857e16aa382e554929c871cb77d39fc463
  languageName: node
  linkType: hard

"hookified@npm:^1.14.0, hookified@npm:^1.15.0, hookified@npm:^1.15.1":
  version: 1.15.1
  resolution: "hookified@npm:1.15.1"
  checksum: 10c0/6b691374fa97ae57169fb29f90e723499fda5e85494654fbe55c4768b3ccbf3e14c0adc8d0f365f32c503b60d7c06f907781f5966c03d41c423575eb5e16860c
  languageName: node
  linkType: hard

"hookified@npm:^2.1.1":
  version: 2.2.0
  resolution: "hookified@npm:2.2.0"
  checksum: 10c0/7017d2b66945490293a5aba239e7b39f39071dd940fa019348c7ffea92b91b8c267853c4c51680ed0f3687b33352582fa4d2cff6dd4c5a1c5c44b037276f07aa
  languageName: node
  linkType: hard

"ieee754@npm:^1.2.1":
  version: 1.2.1
  resolution: "ieee754@npm:1.2.1"
  checksum: 10c0/b0782ef5e0935b9f12883a2e2aa37baa75da6e66ce6515c168697b42160807d9330de9a32ec1ed73149aea02e0d822e572bca6f1e22bdcbd2149e13b050b17bb
  languageName: node
  linkType: hard

"keyv@npm:^5.5.5, keyv@npm:^5.6.0":
  version: 5.6.0
  resolution: "keyv@npm:5.6.0"
  dependencies:
    "@keyv/serialize": "npm:^1.1.1"
  checksum: 10c0/c3ea795b6e03593ca57c8f70928a69bad14c13389a7fb75649a115ff55615244b04d8902798d841c17f0bb4a8a8866c97133b543b93f151b440170bba09176db
  languageName: node
  linkType: hard

"libsignal@npm:^6.0.0":
  version: 6.0.0
  resolution: "libsignal@npm:6.0.0"
  dependencies:
    curve25519-js: "npm:^0.0.4"
    protobufjs: "npm:^7.5.5"
  checksum: 10c0/111675e3834641f4c4635c7ad4a6a03a92d24a3a8e9b1c517479de9d3a6ae68abe71af16c25a9d669a3c71b5b6c5cc30d5d45df160beb0010505118dcc3f966c
  languageName: node
  linkType: hard

"long@npm:^5.3.2":
  version: 5.3.2
  resolution: "long@npm:5.3.2"
  checksum: 10c0/7130fe1cbce2dca06734b35b70d380ca3f70271c7f8852c922a7c62c86c4e35f0c39290565eca7133c625908d40e126ac57c02b1b1a4636b9457d77e1e60b981
  languageName: node
  linkType: hard

"lru-cache@npm:^11.1.0":
  version: 11.5.2
  resolution: "lru-cache@npm:11.5.2"
  checksum: 10c0/ece1ad731f5b655e85d67047d04bfc13823dc77aa61c5454924a9869ba600a0104e39cc33d726021feef812bc347ca34a5608a5eb1972a5dd0870b7ecd42c3f2
  languageName: node
  linkType: hard

"media-typer@npm:^2.0.0":
  version: 2.0.0
  resolution: "media-typer@npm:2.0.0"
  checksum: 10c0/8b404e5e16dff1d83a211b23811425be7b33b32fc8ae0fdae757572ba54a05e7e3f6074af283a29d5f2b55920c4c321d54d7fa36703cd460f392e98c68cf09ff
  languageName: node
  linkType: hard

"ms@npm:^2.1.3":
  version: 2.1.3
  resolution: "ms@npm:2.1.3"
  checksum: 10c0/d924b57e7312b3b63ad21fc5b3dc0af5e78d61a1fc7cfb5457edaf26326bf62be5307cc87ffb6862ef1c2b33b0233cdb5d4f01c4c958cc0d660948b65a287a48
  languageName: node
  linkType: hard

"music-metadata@npm:^11.12.3":
  version: 11.15.0
  resolution: "music-metadata@npm:11.15.0"
  dependencies:
    "@borewit/text-codec": "npm:^0.2.2"
    "@tokenizer/token": "npm:^0.3.0"
    content-type: "npm:^2.1.0"
    debug: "npm:^4.4.3"
    file-type: "npm:^21.3.4"
    media-typer: "npm:^2.0.0"
    strtok3: "npm:^10.3.5"
    token-types: "npm:^6.1.2"
    uint8array-extras: "npm:^1.5.0"
    win-guid: "npm:^0.2.1"
  checksum: 10c0/8e5897e354051028547a6ac83be8d8bdc7d39fce96860e1c0fd9fc9dad87f4382fe2051cd9ca4d5c49760038a88c446302307d37ec2270cfaf3c4b079770a4e7
  languageName: node
  linkType: hard

"on-exit-leak-free@npm:^2.1.0":
  version: 2.1.2
  resolution: "on-exit-leak-free@npm:2.1.2"
  checksum: 10c0/faea2e1c9d696ecee919026c32be8d6a633a7ac1240b3b87e944a380e8a11dc9c95c4a1f8fb0568de7ab8db3823e790f12bda45296b1d111e341aad3922a0570
  languageName: node
  linkType: hard

"p-queue@npm:^9.0.0":
  version: 9.3.3
  resolution: "p-queue@npm:9.3.3"
  dependencies:
    eventemitter3: "npm:^5.0.4"
    p-timeout: "npm:^7.0.0"
  checksum: 10c0/0d88a35cb3301bee2aac654c0a7018a2e40775fa597f3a06da66f33b0311d106bebbe9732c8e5968ae1e0e0b49f79c874333d2a7b0a57fad469189f236c066d7
  languageName: node
  linkType: hard

"p-timeout@npm:^7.0.0":
  version: 7.0.1
  resolution: "p-timeout@npm:7.0.1"
  checksum: 10c0/87d96529d1096d506607218dba6f9ec077c6dbedd0c2e2788c748e33bcd05faae8a81009fd9d22ec0b3c95fc83f4717306baba223f6e464737d8b99294c3e863
  languageName: node
  linkType: hard

"pino-abstract-transport@npm:^2.0.0":
  version: 2.0.0
  resolution: "pino-abstract-transport@npm:2.0.0"
  dependencies:
    split2: "npm:^4.0.0"
  checksum: 10c0/02c05b8f2ffce0d7c774c8e588f61e8b77de8ccb5f8125afd4a7325c9ea0e6af7fb78168999657712ae843e4462bb70ac550dfd6284f930ee57f17f486f25a9f
  languageName: node
  linkType: hard

"pino-std-serializers@npm:^7.0.0":
  version: 7.1.0
  resolution: "pino-std-serializers@npm:7.1.0"
  checksum: 10c0/d158615aa93ebdeac2d3912ad4227a23ef78cf14229e886214771f581e96eff312257f2d6368c75b2fbf53e5024eda475d81305014f4ed1a6d5eeab9107f6ef0
  languageName: node
  linkType: hard

"pino@npm:^9.6":
  version: 9.14.0
  resolution: "pino@npm:9.14.0"
  dependencies:
    "@pinojs/redact": "npm:^0.4.0"
    atomic-sleep: "npm:^1.0.0"
    on-exit-leak-free: "npm:^2.1.0"
    pino-abstract-transport: "npm:^2.0.0"
    pino-std-serializers: "npm:^7.0.0"
    process-warning: "npm:^5.0.0"
    quick-format-unescaped: "npm:^4.0.3"
    real-require: "npm:^0.2.0"
    safe-stable-stringify: "npm:^2.3.1"
    sonic-boom: "npm:^4.0.1"
    thread-stream: "npm:^3.0.0"
  bin:
    pino: bin.js
  checksum: 10c0/9a10d9bf820a585eae9bc270fb4e55c895e48280d54adbbb4063ec061694b22d8809c80203cf5fe9f920a54c832b0b8dfb67cb28a04baa13abebaf261a9c9f3e
  languageName: node
  linkType: hard

"process-warning@npm:^5.0.0":
  version: 5.1.0
  resolution: "process-warning@npm:5.1.0"
  checksum: 10c0/2a48d48b575f4e7888fd4735a6604acd89914efa909f3db5dd20ae56e8a8cdd3c32a3c738bba539b46d1c5096630e15286bcb7c7fca18dfbf04cc7d00fe34a0f
  languageName: node
  linkType: hard

"protobufjs@npm:^7.5.5, protobufjs@npm:^7.6.5":
  version: 7.6.5
  resolution: "protobufjs@npm:7.6.5"
  dependencies:
    "@protobufjs/aspromise": "npm:^1.1.2"
    "@protobufjs/base64": "npm:^1.1.2"
    "@protobufjs/codegen": "npm:^2.0.5"
    "@protobufjs/eventemitter": "npm:^1.1.1"
    "@protobufjs/fetch": "npm:^1.1.1"
    "@protobufjs/float": "npm:^1.0.2"
    "@protobufjs/path": "npm:^1.1.2"
    "@protobufjs/pool": "npm:^1.1.0"
    "@protobufjs/utf8": "npm:^1.1.1"
    "@types/node": "npm:>=13.7.0"
    long: "npm:^5.3.2"
  checksum: 10c0/863eaca9c6f45bfcfb8787c545f53e9c6696507e328e3981b4643c12d35df7f2826021c10e3fd30bef342c13a8e9d306547bac9c0849ee3bf50f770a12f01dc5
  languageName: node
  linkType: hard

"qified@npm:^0.10.1":
  version: 0.10.1
  resolution: "qified@npm:0.10.1"
  dependencies:
    hookified: "npm:^2.1.1"
  checksum: 10c0/4a39d45492c65a4b9795381acede1bd566028ce9764ead5b41d776b391a898bf0855dd2b59d724a6711fe253ba3cacf7c9a8832887cf9dc6d48a2c5e4997c82d
  languageName: node
  linkType: hard

"quick-format-unescaped@npm:^4.0.3":
  version: 4.0.4
  resolution: "quick-format-unescaped@npm:4.0.4"
  checksum: 10c0/fe5acc6f775b172ca5b4373df26f7e4fd347975578199e7d74b2ae4077f0af05baa27d231de1e80e8f72d88275ccc6028568a7a8c9ee5e7368ace0e18eff93a4
  languageName: node
  linkType: hard

"real-require@npm:^0.2.0":
  version: 0.2.0
  resolution: "real-require@npm:0.2.0"
  checksum: 10c0/23eea5623642f0477412ef8b91acd3969015a1501ed34992ada0e3af521d3c865bb2fe4cdbfec5fe4b505f6d1ef6a03e5c3652520837a8c3b53decff7e74b6a0
  languageName: node
  linkType: hard

"safe-stable-stringify@npm:^2.3.1":
  version: 2.5.0
  resolution: "safe-stable-stringify@npm:2.5.0"
  checksum: 10c0/baea14971858cadd65df23894a40588ed791769db21bafb7fd7608397dbdce9c5aac60748abae9995e0fc37e15f2061980501e012cd48859740796bea2987f49
  languageName: node
  linkType: hard

"sonic-boom@npm:^4.0.1":
  version: 4.2.1
  resolution: "sonic-boom@npm:4.2.1"
  dependencies:
    atomic-sleep: "npm:^1.0.0"
  checksum: 10c0/f374e9c3dfe194d706d8ef8aed4e28bc10638f9952fd19bcbddf2cef05d53334ad9e9dca3e01e24e88dd88fb278c6b8c5b2ae5002494b289c4914aaea3d9eae9
  languageName: node
  linkType: hard

"split2@npm:^4.0.0":
  version: 4.2.0
  resolution: "split2@npm:4.2.0"
  checksum: 10c0/b292beb8ce9215f8c642bb68be6249c5a4c7f332fc8ecadae7be5cbdf1ea95addc95f0459ef2e7ad9d45fd1064698a097e4eb211c83e772b49bc0ee423e91534
  languageName: node
  linkType: hard

"strtok3@npm:^10.3.4, strtok3@npm:^10.3.5":
  version: 10.3.5
  resolution: "strtok3@npm:10.3.5"
  dependencies:
    "@tokenizer/token": "npm:^0.3.0"
  checksum: 10c0/8d2477b239054c9f1f5b14a65d531147ca158ab9887fdc2d0938e77b7ec8891fb683b58254c7643afd5d98a421a59207534d491762b111f58c795071ecbe9fd1
  languageName: node
  linkType: hard

"thread-stream@npm:^3.0.0":
  version: 3.2.0
  resolution: "thread-stream@npm:3.2.0"
  dependencies:
    real-require: "npm:^0.2.0"
  checksum: 10c0/417516963f338cf24c27b91e9ac1c1e06ea321333e3369685e9c48afeefc9f18cf5d6c268e24e888f85e9f467d34d35e506c180e2278e2cd9b4c402454206463
  languageName: node
  linkType: hard

"token-types@npm:^6.1.1, token-types@npm:^6.1.2":
  version: 6.1.2
  resolution: "token-types@npm:6.1.2"
  dependencies:
    "@borewit/text-codec": "npm:^0.2.1"
    "@tokenizer/token": "npm:^0.3.0"
    ieee754: "npm:^1.2.1"
  checksum: 10c0/8786e28e3cb65b9e890bc3c38def98e6dfe4565538237f8c0e47dbe549ed8f5f00de8dc464717868308abb4729f1958f78f69e1c4c3deebbb685729113a6fee8
  languageName: node
  linkType: hard

"tslib@npm:^2.4.0":
  version: 2.8.1
  resolution: "tslib@npm:2.8.1"
  checksum: 10c0/9c4759110a19c53f992d9aae23aac5ced636e99887b51b9e61def52611732872ff7668757d4e4c61f19691e36f4da981cd9485e869b4a7408d689f6bf1f14e62
  languageName: node
  linkType: hard

"uint8array-extras@npm:^1.4.0, uint8array-extras@npm:^1.5.0":
  version: 1.5.0
  resolution: "uint8array-extras@npm:1.5.0"
  checksum: 10c0/0e74641ac7dadb02eadefc1ccdadba6010e007757bda824960de3c72bbe2b04e6d3af75648441f412148c4103261d54fcb60be45a2863beb76643a55fddba3bd
  languageName: node
  linkType: hard

"undici-types@npm:~8.3.0":
  version: 8.3.0
  resolution: "undici-types@npm:8.3.0"
  checksum: 10c0/c8aa7e2fbebfce519654dafadc0ece59be888d2ccaf180fb4495da875e7b536d2456345c384069c7e6f3e9c9ab7435f074957da306f142343eee86ff8048855a
  languageName: node
  linkType: hard

"whatsapp-rust-bridge@npm:0.5.4":
  version: 0.5.4
  resolution: "whatsapp-rust-bridge@npm:0.5.4"
  checksum: 10c0/bcf13eb0b933a19e701fad2666926d25442e24b59599412e59f283e321402869e846adb64e4d10f01674f871ad339bef1ba55649beeedba898de034fee651600
  languageName: node
  linkType: hard

"win-guid@npm:^0.2.1":
  version: 0.2.1
  resolution: "win-guid@npm:0.2.1"
  checksum: 10c0/4ef31b8553f9f6c775f71f8cda399b6089444657c8dec9cf3ffb4c4f074fb6a11806d7e7bcc4a1fa92015bcb54f1085ae860e9b9a9dca83129bdb3cd90f8c54a
  languageName: node
  linkType: hard

"ws@npm:^8.21.1":
  version: 8.21.3
  resolution: "ws@npm:8.21.3"
  peerDependencies:
    bufferutil: ^4.0.1
    utf-8-validate: ">=5.0.2"
  peerDependenciesMeta:
    bufferutil:
      optional: true
    utf-8-validate:
      optional: true
  checksum: 10c0/7b28dc2863ea0e2cece68d142a3eee90361021b73f750431e6d8076bb7dede5fdfdb75b3d29534b62f411261147b76b1bc80fb5cc63ab0aabd467280e85b22e0
  languageName: node
  linkType: hard
